
Microsoft Visual Studio Solution File, Format Version 12.00
# Visual Studio Version 17
VisualStudioVersion = 17.0.31903.59
MinimumVisualStudioVersion = 10.0.40219.1
Project("{2150E333-8FDC-42A3-9474-1A3956D46DE8}") = "src", "src", "{827E0CD3-B72D-47B6-A68D-7590B98EB39B}"
EndProject
Project("{2150E333-8FDC-42A3-9474-1A3956D46DE8}") = "App", "App", "{547E75E0-49BC-27F6-65D6-DF25CFFB661A}"
EndProject
Project("{FAE04EC0-301F-11D3-BF4B-00C04F79EFBC}") = "DataMorph.App", "src\App\DataMorph.App.csproj", "{EA7AAC5C-2434-40CF-9F7A-80AF652FAF88}"
EndProject
Project("{2150E333-8FDC-42A3-9474-1A3956D46DE8}") = "Engine", "Engine", "{581C1AFC-A79E-7578-3E64-521365DC72E1}"
EndProject
Project("{FAE04EC0-301F-11D3-BF4B-00C04F79EFBC}") = "DataMorph.Engine", "src\Engine\DataMorph.Engine.csproj", "{CD03D0FA-F71F-465B-BCCD-E5AB48DDD3E5}"
EndProject
Project("{2150E333-8FDC-42A3-9474-1A3956D46DE8}") = "tests", "tests", "{0AB3BF05-4346-4AA6-1389-037BE0695223}"
EndProject
Project("{FAE04EC0-301F-11D3-BF4B-00C04F79EFBC}") = "DataMorph.Tests", "tests\DataMorph.Tests\DataMorph.Tests.csproj", "{B9770FE1-72BB-44D6-BE03-8D9F9146AC4E}"
EndProject
Global
	GlobalSection(SolutionConfigurationPlatforms) = preSolution
		Debug|Any CPU = Debug|Any CPU
		Debug|x64 = Debug|x64
		Debug|x86 = Debug|x86
		Release|Any CPU = Release|Any CPU
		Release|x64 = Release|x64
		Release|x86 = Release|x86
	EndGlobalSection
	GlobalSection(ProjectConfigurationPlatforms) = postSolution
		{EA7AAC5C-2434-40CF-9F7A-80AF652FAF88}.Debug|Any CPU.ActiveCfg = Debug|Any CPU
		{EA7AAC5C-2434-40CF-9F7A-80AF652FAF88}.Debug|Any CPU.Build.0 = Debug|Any CPU
		{EA7AAC5C-2434-40CF-9F7A-80AF652FAF88}.Debug|x64.ActiveCfg = Debug|Any CPU
		{EA7AAC5C-2434-40CF-9F7A-80AF652FAF88}.Debug|x64.Build.0 = Debug|Any CPU
		{EA7AAC5C-2434-40CF-9F7A-80AF652FAF88}.Debug|x86.ActiveCfg = Debug|Any CPU
		{EA7AAC5C-2434-40CF-9F7A-80AF652FAF88}.Debug|x86.Build.0 = Debug|Any CPU
		{EA7AAC5C-2434-40CF-9F7A-80AF652FAF88}.Release|Any CPU.ActiveCfg = Release|Any CPU
		{EA7AAC5C-2434-40CF-9F7A-80AF652FAF88}.Release|Any CPU.Build.0 = Release|Any CPU
		{EA7AAC5C-2434-40CF-9F7A-80AF652FAF88}.Release|x64.ActiveCfg = Release|Any CPU
		{EA7AAC5C-2434-40CF-9F7A-80AF652FAF88}.Release|x64.Build.0 = Release|Any CPU
		{EA7AAC5C-2434-40CF-9F7A-80AF652FAF88}.Release|x86.ActiveCfg = Release|Any CPU
		{EA7AAC5C-2434-40CF-9F7A-80AF652FAF88}.Release|x86.Build.0 = Release|Any CPU
		{CD03D0FA-F71F-465B-BCCD-E5AB48DDD3E5}.Debug|Any CPU.ActiveCfg = Debug|Any CPU
		{CD03D0FA-F71F-465B-BCCD-E5AB48DDD3E5}.Debug|Any CPU.Build.0 = Debug|Any CPU
		{CD03D0FA-F71F-465B-BCCD-E5AB48DDD3E5}.Debug|x64.ActiveCfg = Debug|Any CPU
		{CD03D0FA-F71F-465B-BCCD-E5AB48DDD3E5}.Debug|x64.Build.0 = Debug|Any CPU
		{CD03D0FA-F71F-465B-BCCD-E5AB48DDD3E5}.Debug|x86.ActiveCfg = Debug|Any CPU
		{CD03D0FA-F71F-465B-BCCD-E5AB48DDD3E5}.Debug|x86.Build.0 = Debug|Any CPU
		{CD03D0FA-F71F-465B-BCCD-E5AB48DDD3E5}.Release|Any CPU.ActiveCfg = Release|Any CPU
		{CD03D0FA-F71F-465B-BCCD-E5AB48DDD3E5}.Release|Any CPU.Build.0 = Release|Any CPU
		{CD03D0FA-F71F-465B-BCCD-E5AB48DDD3E5}.Release|x64.ActiveCfg = Release|Any CPU
		{CD03D0FA-F71F-465B-BCCD-E5AB48DDD3E5}.Release|x64.Build.0 = Release|Any CPU
		{CD03D0FA-F71F-465B-BCCD-E5AB48DDD3E5}.Release|x86.ActiveCfg = Release|Any CPU
		{CD03D0FA-F71F-465B-BCCD-E5AB48DDD3E5}.Release|x86.Build.0 = Release|Any CPU
		{B9770FE1-72BB-44D6-BE03-8D9F9146AC4E}.Debug|Any CPU.ActiveCfg = Debug|Any CPU
		{B9770FE1-72BB-44D6-BE03-8D9F9146AC4E}.Debug|Any CPU.Build.0 = Debug|Any CPU
		{B9770FE1-72BB-44D6-BE03-8D9F9146AC4E}.Debug|x64.ActiveCfg = Debug|Any CPU
		{B9770FE1-72BB-44D6-BE03-8D9F9146AC4E}.Debug|x64.Build.0 = Debug|Any CPU
		{B9770FE1-72BB-44D6-BE03-8D9F9146AC4E}.Debug|x86.ActiveCfg = Debug|Any CPU
		{B9770FE1-72BB-44D6-BE03-8D9F9146AC4E}.Debug|x86.Build.0 = Debug|Any CPU
		{B9770FE1-72BB-44D6-BE03-8D9F9146AC4E}.Release|Any CPU.ActiveCfg = Release|Any CPU
		{B9770FE1-72BB-44D6-BE03-8D9F9146AC4E}.Release|Any CPU.Build.0 = Release|Any CPU
		{B9770FE1-72BB-44D6-BE03-8D9F9146AC4E}.Release|x64.ActiveCfg = Release|Any CPU
		{B9770FE1-72BB-44D6-BE03-8D9F9146AC4E}.Release|x64.Build.0 = Release|Any CPU
		{B9770FE1-72BB-44D6-BE03-8D9F9146AC4E}.Release|x86.ActiveCfg = Release|Any CPU
		{B9770FE1-72BB-44D6-BE03-8D9F9146AC4E}.Release|x86.Build.0 = Release|Any CPU
	EndGlobalSection
	GlobalSection(SolutionProperties) = preSolution
		HideSolutionNode = FALSE
	EndGlobalSection
	GlobalSection(NestedProjects) = preSolution
		{547E75E0-49BC-27F6-65D6-DF25CFFB661A} = {827E0CD3-B72D-47B6-A68D-7590B98EB39B}
		{EA7AAC5C-2434-40CF-9F7A-80AF652FAF88} = {547E75E0-49BC-27F6-65D6-DF25CFFB661A}
		{581C1AFC-A79E-7578-3E64-521365DC72E1} = {827E0CD3-B72D-47B6-A68D-7590B98EB39B}
		{CD03D0FA-F71F-465B-BCCD-E5AB48DDD3E5} = {581C1AFC-A79E-7578-3E64-521365DC72E1}
		{B9770FE1-72BB-44D6-BE03-8D9F9146AC4E} = {0AB3BF05-4346-4AA6-1389-037BE0695223}
	EndGlobalSection
EndGlobal
